
Microsoft Visual Studio Solution File, Format Version 12.00
# Visual Studio 15
VisualStudioVersion = 15.0.26430.16
MinimumVisualStudioVersion = 10.0.40219.1
Project("{FAE04EC0-301F-11D3-BF4B-00C04F79EFBC}") = "LifeGame", "LifeGame\LifeGame.csproj", "{F807FBA8-89EC-4CE7-A94B-F8D0871FE186}"
EndProject
Project("{FAE04EC0-301F-11D3-BF4B-00C04F79EFBC}") = "LifeTests", "LifeTests\LifeTests.csproj", "{A13DDAFC-09E6-407F-AFBC-2416B1C7D475}"
EndProject
Global
	GlobalSection(SolutionConfigurationPlatforms) = preSolution
		Debug|Any CPU = Debug|Any CPU
		Release|Any CPU = Release|Any CPU
	EndGlobalSection
	GlobalSection(ProjectConfigurationPlatforms) = postSolution
		{F807FBA8-89EC-4CE7-A94B-F8D0871FE186}.Debug|Any CPU.ActiveCfg = Debug|Any CPU
		{F807FBA8-89EC-4CE7-A94B-F8D0871FE186}.Debug|Any CPU.Build.0 = Debug|Any CPU
		{F807FBA8-89EC-4CE7-A94B-F8D0871FE186}.Release|Any CPU.ActiveCfg = Release|Any CPU
		{F807FBA8-89EC-4CE7-A94B-F8D0871FE186}.Release|Any CPU.Build.0 = Release|Any CPU
		{A13DDAFC-09E6-407F-AFBC-2416B1C7D475}.Debug|Any CPU.ActiveCfg = Debug|Any CPU
		{A13DDAFC-09E6-407F-AFBC-2416B1C7D475}.Debug|Any CPU.Build.0 = Debug|Any CPU
		{A13DDAFC-09E6-407F-AFBC-2416B1C7D475}.Release|Any CPU.ActiveCfg = Release|Any CPU
		{A13DDAFC-09E6-407F-AFBC-2416B1C7D475}.Release|Any CPU.Build.0 = Release|Any CPU
	EndGlobalSection
	GlobalSection(SolutionProperties) = preSolution
		HideSolutionNode = FALSE
	EndGlobalSection
EndGlobal
